
Microsoft Visual Studio Solution File, Format Version 12.00
# Visual Studio Version 17
VisualStudioVersion = 17.8.34511.84
MinimumVisualStudioVersion = 10.0.40219.1
Project("{FAE04EC0-301F-11D3-BF4B-00C04F79EFBC}") = "chess", "chess\chess.csproj", "{F5252255-65C0-431E-B9CF-D8818797B8CB}"
EndProject
Global
	GlobalSection(SolutionConfigurationPlatforms) = preSolution
		Debug|Any CPU = Debug|Any CPU
		Release|Any CPU = Release|Any CPU
	EndGlobalSection
	GlobalSection(ProjectConfigurationPlatforms) = postSolution
		{F5252255-65C0-431E-B9CF-D8818797B8CB}.Debug|Any CPU.ActiveCfg = Debug|Any CPU
		{F5252255-65C0-431E-B9CF-D8818797B8CB}.Debug|Any CPU.Build.0 = Debug|Any CPU
		{F5252255-65C0-431E-B9CF-D8818797B8CB}.Release|Any CPU.ActiveCfg = Release|Any CPU
		{F5252255-65C0-431E-B9CF-D8818797B8CB}.Release|Any CPU.Build.0 = Release|Any CPU
	EndGlobalSection
	GlobalSection(SolutionProperties) = preSolution
		HideSolutionNode = FALSE
	EndGlobalSection
	GlobalSection(ExtensibilityGlobals) = postSolution
		SolutionGuid = {5B489FDC-2D1C-41CD-9C6F-4186B16BEC1F}
	EndGlobalSection
EndGlobal
